
Microsoft Visual Studio Solution File, Format Version 12.00
# Visual Studio Version 16
VisualStudioVersion = 16.0.30011.22
MinimumVisualStudioVersion = 10.0.40219.1
Project("{FAE04EC0-301F-11D3-BF4B-00C04F79EFBC}") = "LitKit1", "LitKit1\LitKit1.csproj", "{79494501-7AE6-4250-9268-BB2A248DDD75}"
EndProject
Project("{930C7802-8A8C-48F9-8165-68863BCCD9DD}") = "SetupProject", "SetupProject\SetupProject.wixproj", "{9D2374B9-3D2A-46C6-88DF-B4C74A85084A}"
EndProject
Global
	GlobalSection(SolutionConfigurationPlatforms) = preSolution
		Debug|Any CPU = Debug|Any CPU
		Debug|x86 = Debug|x86
		ObfuscatedRelease|Any CPU = ObfuscatedRelease|Any CPU
		ObfuscatedRelease|x86 = ObfuscatedRelease|x86
		Release|Any CPU = Release|Any CPU
		Release|x86 = Release|x86
	EndGlobalSection
	GlobalSection(ProjectConfigurationPlatforms) = postSolution
		{79494501-7AE6-4250-9268-BB2A248DDD75}.Debug|Any CPU.ActiveCfg = Debug|Any CPU
		{79494501-7AE6-4250-9268-BB2A248DDD75}.Debug|Any CPU.Build.0 = Debug|Any CPU
		{79494501-7AE6-4250-9268-BB2A248DDD75}.Debug|x86.ActiveCfg = Debug|x86
		{79494501-7AE6-4250-9268-BB2A248DDD75}.Debug|x86.Build.0 = Debug|x86
		{79494501-7AE6-4250-9268-BB2A248DDD75}.ObfuscatedRelease|Any CPU.ActiveCfg = ObfuscatedRelease|Any CPU
		{79494501-7AE6-4250-9268-BB2A248DDD75}.ObfuscatedRelease|Any CPU.Build.0 = ObfuscatedRelease|Any CPU
		{79494501-7AE6-4250-9268-BB2A248DDD75}.ObfuscatedRelease|x86.ActiveCfg = ObfuscatedRelease|x86
		{79494501-7AE6-4250-9268-BB2A248DDD75}.ObfuscatedRelease|x86.Build.0 = ObfuscatedRelease|x86
		{79494501-7AE6-4250-9268-BB2A248DDD75}.Release|Any CPU.ActiveCfg = Release|Any CPU
		{79494501-7AE6-4250-9268-BB2A248DDD75}.Release|Any CPU.Build.0 = Release|Any CPU
		{79494501-7AE6-4250-9268-BB2A248DDD75}.Release|x86.ActiveCfg = Release|x86
		{79494501-7AE6-4250-9268-BB2A248DDD75}.Release|x86.Build.0 = Release|x86
		{9D2374B9-3D2A-46C6-88DF-B4C74A85084A}.Debug|Any CPU.ActiveCfg = Debug|x86
		{9D2374B9-3D2A-46C6-88DF-B4C74A85084A}.Debug|x86.ActiveCfg = Debug|x86
		{9D2374B9-3D2A-46C6-88DF-B4C74A85084A}.Debug|x86.Build.0 = Debug|x86
		{9D2374B9-3D2A-46C6-88DF-B4C74A85084A}.ObfuscatedRelease|Any CPU.ActiveCfg = Release|x86
		{9D2374B9-3D2A-46C6-88DF-B4C74A85084A}.ObfuscatedRelease|x86.ActiveCfg = Release|x86
		{9D2374B9-3D2A-46C6-88DF-B4C74A85084A}.ObfuscatedRelease|x86.Build.0 = Release|x86
		{9D2374B9-3D2A-46C6-88DF-B4C74A85084A}.Release|Any CPU.ActiveCfg = Release|x86
		{9D2374B9-3D2A-46C6-88DF-B4C74A85084A}.Release|x86.ActiveCfg = Release|x86
		{9D2374B9-3D2A-46C6-88DF-B4C74A85084A}.Release|x86.Build.0 = Release|x86
	EndGlobalSection
	GlobalSection(SolutionProperties) = preSolution
		HideSolutionNode = FALSE
	EndGlobalSection
	GlobalSection(ExtensibilityGlobals) = postSolution
		SolutionGuid = {56FA0FAD-A837-4C6B-8891-253E85C2A9C0}
	EndGlobalSection
EndGlobal
