
Microsoft Visual Studio Solution File, Format Version 12.00
# Visual Studio Version 16
VisualStudioVersion = 16.0.30011.22
MinimumVisualStudioVersion = 10.0.40219.1
Project("{FAE04EC0-301F-11D3-BF4B-00C04F79EFBC}") = "LitKit1", "LitKit1\LitKit1.csproj", "{79494501-7AE6-4250-9268-BB2A248DDD75}"
EndProject
Project("{54435603-DBB4-11D2-8724-00A0C9A8B90C}") = "Setup", "Setup\Setup.vdproj", "{17B1D100-3083-452C-B8F5-B38CCC8ADFC0}"
EndProject
Project("{2150E333-8FDC-42A3-9474-1A3956D46DE8}") = "Services", "Services", "{B58D369F-7874-4CB8-8E55-B49CFE95F442}"
EndProject
Project("{FAE04EC0-301F-11D3-BF4B-00C04F79EFBC}") = "Tools.Citation", "Services.Exhibit\Tools.Citation.csproj", "{82857471-938D-409A-9C09-B147D287C706}"
EndProject
Project("{FAE04EC0-301F-11D3-BF4B-00C04F79EFBC}") = "Tools.Redaction", "Services.RedactionTool\Tools.Redaction.csproj", "{E5F99A67-B9D4-475E-80AF-4F3C6845B060}"
EndProject
Project("{FAE04EC0-301F-11D3-BF4B-00C04F79EFBC}") = "Tools.Response", "Services.Response\Tools.Response.csproj", "{D89D2952-3A1B-4248-AB28-A01986422BA8}"
EndProject
Project("{FAE04EC0-301F-11D3-BF4B-00C04F79EFBC}") = "Tools.Simple", "Services.RibbonButtons\Tools.Simple.csproj", "{E0783A21-83F7-4FF3-AFC4-4C1EAF167C2D}"
EndProject
Project("{FAE04EC0-301F-11D3-BF4B-00C04F79EFBC}") = "Services.Base", "Services.Base\Services.Base.csproj", "{A6ACC4D7-446C-44A8-950C-93BDEBC5FEE1}"
EndProject
Project("{2150E333-8FDC-42A3-9474-1A3956D46DE8}") = "Tools", "Tools", "{05E94A1C-D881-4847-883E-770A2BFF050B}"
EndProject
Project("{FAE04EC0-301F-11D3-BF4B-00C04F79EFBC}") = "Services.License", "Services.License\Services.License.csproj", "{F7DFE3B3-C6A5-4692-8561-86AFBD093478}"
EndProject
Project("{FAE04EC0-301F-11D3-BF4B-00C04F79EFBC}") = "Tools.ExhibitTool", "Tools.HoldingLib\Tools.ExhibitTool.csproj", "{413E09F6-2767-410C-B0AB-1AE86C43FBDA}"
EndProject
Project("{2150E333-8FDC-42A3-9474-1A3956D46DE8}") = "OldFiles", "OldFiles", "{143BB764-559A-4CD0-BC78-96CBBC80DB0C}"
EndProject
Project("{2150E333-8FDC-42A3-9474-1A3956D46DE8}") = "AnsResControls", "AnsResControls", "{47A33730-7802-48E8-B68A-0305AF40ABC8}"
	ProjectSection(SolutionItems) = preProject
		LitKit1\Controls\AnsResControls\ctrlAnsResCustomize.cs = LitKit1\Controls\AnsResControls\ctrlAnsResCustomize.cs
		LitKit1\Controls\AnsResControls\ctrlAnsResCustomize.Designer.cs = LitKit1\Controls\AnsResControls\ctrlAnsResCustomize.Designer.cs
		LitKit1\Controls\AnsResControls\ctrlAnsResCustomize.resx = LitKit1\Controls\AnsResControls\ctrlAnsResCustomize.resx
		LitKit1\Controls\AnsResControls\ctrlAnsResMain.cs = LitKit1\Controls\AnsResControls\ctrlAnsResMain.cs
		LitKit1\Controls\AnsResControls\ctrlAnsResMain.Designer.cs = LitKit1\Controls\AnsResControls\ctrlAnsResMain.Designer.cs
		LitKit1\Controls\AnsResControls\ctrlAnsResMain.resx = LitKit1\Controls\AnsResControls\ctrlAnsResMain.resx
		LitKit1\Controls\AnsResControls\ctrlAnsResNewName.cs = LitKit1\Controls\AnsResControls\ctrlAnsResNewName.cs
		LitKit1\Controls\AnsResControls\ctrlAnsResNewName.Designer.cs = LitKit1\Controls\AnsResControls\ctrlAnsResNewName.Designer.cs
		LitKit1\Controls\AnsResControls\ctrlAnsResNewName.resx = LitKit1\Controls\AnsResControls\ctrlAnsResNewName.resx
		LitKit1\Controls\AnsResControls\ctrlAnsResView.cs = LitKit1\Controls\AnsResControls\ctrlAnsResView.cs
		LitKit1\Controls\AnsResControls\ctrlAnsResView.Designer.cs = LitKit1\Controls\AnsResControls\ctrlAnsResView.Designer.cs
		LitKit1\Controls\AnsResControls\ctrlAnsResView.resx = LitKit1\Controls\AnsResControls\ctrlAnsResView.resx
	EndProjectSection
EndProject
Project("{9A19103F-16F7-4668-BE54-9A1E7A4F7556}") = "OpenXmlPowerTools", "..\Open-Xml-PowerTools-vNext\OpenXmlPowerTools\OpenXmlPowerTools.csproj", "{09910608-B8E7-4742-8C73-9949F62329BA}"
EndProject
Global
	GlobalSection(SolutionConfigurationPlatforms) = preSolution
		Debug|Any CPU = Debug|Any CPU
		Debug|x86 = Debug|x86
		Release|Any CPU = Release|Any CPU
		Release|x86 = Release|x86
	EndGlobalSection
	GlobalSection(ProjectConfigurationPlatforms) = postSolution
		{79494501-7AE6-4250-9268-BB2A248DDD75}.Debug|Any CPU.ActiveCfg = Debug|Any CPU
		{79494501-7AE6-4250-9268-BB2A248DDD75}.Debug|Any CPU.Build.0 = Debug|Any CPU
		{79494501-7AE6-4250-9268-BB2A248DDD75}.Debug|x86.ActiveCfg = Debug|x86
		{79494501-7AE6-4250-9268-BB2A248DDD75}.Debug|x86.Build.0 = Debug|x86
		{79494501-7AE6-4250-9268-BB2A248DDD75}.Release|Any CPU.ActiveCfg = Release|Any CPU
		{79494501-7AE6-4250-9268-BB2A248DDD75}.Release|x86.ActiveCfg = Release|x86
		{79494501-7AE6-4250-9268-BB2A248DDD75}.Release|x86.Build.0 = Release|x86
		{17B1D100-3083-452C-B8F5-B38CCC8ADFC0}.Debug|Any CPU.ActiveCfg = Debug
		{17B1D100-3083-452C-B8F5-B38CCC8ADFC0}.Debug|x86.ActiveCfg = Debug
		{17B1D100-3083-452C-B8F5-B38CCC8ADFC0}.Release|Any CPU.ActiveCfg = Release
		{17B1D100-3083-452C-B8F5-B38CCC8ADFC0}.Release|Any CPU.Build.0 = Release
		{17B1D100-3083-452C-B8F5-B38CCC8ADFC0}.Release|x86.ActiveCfg = Release
		{82857471-938D-409A-9C09-B147D287C706}.Debug|Any CPU.ActiveCfg = Debug|Any CPU
		{82857471-938D-409A-9C09-B147D287C706}.Debug|Any CPU.Build.0 = Debug|Any CPU
		{82857471-938D-409A-9C09-B147D287C706}.Debug|x86.ActiveCfg = Debug|Any CPU
		{82857471-938D-409A-9C09-B147D287C706}.Debug|x86.Build.0 = Debug|Any CPU
		{82857471-938D-409A-9C09-B147D287C706}.Release|Any CPU.ActiveCfg = Release|Any CPU
		{82857471-938D-409A-9C09-B147D287C706}.Release|x86.ActiveCfg = Release|Any CPU
		{82857471-938D-409A-9C09-B147D287C706}.Release|x86.Build.0 = Release|Any CPU
		{E5F99A67-B9D4-475E-80AF-4F3C6845B060}.Debug|Any CPU.ActiveCfg = Debug|Any CPU
		{E5F99A67-B9D4-475E-80AF-4F3C6845B060}.Debug|Any CPU.Build.0 = Debug|Any CPU
		{E5F99A67-B9D4-475E-80AF-4F3C6845B060}.Debug|x86.ActiveCfg = Debug|Any CPU
		{E5F99A67-B9D4-475E-80AF-4F3C6845B060}.Debug|x86.Build.0 = Debug|Any CPU
		{E5F99A67-B9D4-475E-80AF-4F3C6845B060}.Release|Any CPU.ActiveCfg = Release|Any CPU
		{E5F99A67-B9D4-475E-80AF-4F3C6845B060}.Release|x86.ActiveCfg = Release|Any CPU
		{E5F99A67-B9D4-475E-80AF-4F3C6845B060}.Release|x86.Build.0 = Release|Any CPU
		{D89D2952-3A1B-4248-AB28-A01986422BA8}.Debug|Any CPU.ActiveCfg = Debug|Any CPU
		{D89D2952-3A1B-4248-AB28-A01986422BA8}.Debug|Any CPU.Build.0 = Debug|Any CPU
		{D89D2952-3A1B-4248-AB28-A01986422BA8}.Debug|x86.ActiveCfg = Debug|Any CPU
		{D89D2952-3A1B-4248-AB28-A01986422BA8}.Debug|x86.Build.0 = Debug|Any CPU
		{D89D2952-3A1B-4248-AB28-A01986422BA8}.Release|Any CPU.ActiveCfg = Release|Any CPU
		{D89D2952-3A1B-4248-AB28-A01986422BA8}.Release|x86.ActiveCfg = Release|Any CPU
		{D89D2952-3A1B-4248-AB28-A01986422BA8}.Release|x86.Build.0 = Release|Any CPU
		{E0783A21-83F7-4FF3-AFC4-4C1EAF167C2D}.Debug|Any CPU.ActiveCfg = Debug|Any CPU
		{E0783A21-83F7-4FF3-AFC4-4C1EAF167C2D}.Debug|Any CPU.Build.0 = Debug|Any CPU
		{E0783A21-83F7-4FF3-AFC4-4C1EAF167C2D}.Debug|x86.ActiveCfg = Debug|Any CPU
		{E0783A21-83F7-4FF3-AFC4-4C1EAF167C2D}.Debug|x86.Build.0 = Debug|Any CPU
		{E0783A21-83F7-4FF3-AFC4-4C1EAF167C2D}.Release|Any CPU.ActiveCfg = Release|Any CPU
		{E0783A21-83F7-4FF3-AFC4-4C1EAF167C2D}.Release|x86.ActiveCfg = Release|Any CPU
		{E0783A21-83F7-4FF3-AFC4-4C1EAF167C2D}.Release|x86.Build.0 = Release|Any CPU
		{A6ACC4D7-446C-44A8-950C-93BDEBC5FEE1}.Debug|Any CPU.ActiveCfg = Debug|Any CPU
		{A6ACC4D7-446C-44A8-950C-93BDEBC5FEE1}.Debug|Any CPU.Build.0 = Debug|Any CPU
		{A6ACC4D7-446C-44A8-950C-93BDEBC5FEE1}.Debug|x86.ActiveCfg = Debug|Any CPU
		{A6ACC4D7-446C-44A8-950C-93BDEBC5FEE1}.Debug|x86.Build.0 = Debug|Any CPU
		{A6ACC4D7-446C-44A8-950C-93BDEBC5FEE1}.Release|Any CPU.ActiveCfg = Release|Any CPU
		{A6ACC4D7-446C-44A8-950C-93BDEBC5FEE1}.Release|x86.ActiveCfg = Release|Any CPU
		{A6ACC4D7-446C-44A8-950C-93BDEBC5FEE1}.Release|x86.Build.0 = Release|Any CPU
		{F7DFE3B3-C6A5-4692-8561-86AFBD093478}.Debug|Any CPU.ActiveCfg = Debug|Any CPU
		{F7DFE3B3-C6A5-4692-8561-86AFBD093478}.Debug|Any CPU.Build.0 = Debug|Any CPU
		{F7DFE3B3-C6A5-4692-8561-86AFBD093478}.Debug|x86.ActiveCfg = Debug|Any CPU
		{F7DFE3B3-C6A5-4692-8561-86AFBD093478}.Debug|x86.Build.0 = Debug|Any CPU
		{F7DFE3B3-C6A5-4692-8561-86AFBD093478}.Release|Any CPU.ActiveCfg = Release|Any CPU
		{F7DFE3B3-C6A5-4692-8561-86AFBD093478}.Release|x86.ActiveCfg = Release|Any CPU
		{F7DFE3B3-C6A5-4692-8561-86AFBD093478}.Release|x86.Build.0 = Release|Any CPU
		{413E09F6-2767-410C-B0AB-1AE86C43FBDA}.Debug|Any CPU.ActiveCfg = Debug|Any CPU
		{413E09F6-2767-410C-B0AB-1AE86C43FBDA}.Debug|Any CPU.Build.0 = Debug|Any CPU
		{413E09F6-2767-410C-B0AB-1AE86C43FBDA}.Debug|x86.ActiveCfg = Debug|Any CPU
		{413E09F6-2767-410C-B0AB-1AE86C43FBDA}.Debug|x86.Build.0 = Debug|Any CPU
		{413E09F6-2767-410C-B0AB-1AE86C43FBDA}.Release|Any CPU.ActiveCfg = Release|Any CPU
		{413E09F6-2767-410C-B0AB-1AE86C43FBDA}.Release|x86.ActiveCfg = Release|Any CPU
		{413E09F6-2767-410C-B0AB-1AE86C43FBDA}.Release|x86.Build.0 = Release|Any CPU
		{09910608-B8E7-4742-8C73-9949F62329BA}.Debug|Any CPU.ActiveCfg = Debug|Any CPU
		{09910608-B8E7-4742-8C73-9949F62329BA}.Debug|Any CPU.Build.0 = Debug|Any CPU
		{09910608-B8E7-4742-8C73-9949F62329BA}.Debug|x86.ActiveCfg = Debug|Any CPU
		{09910608-B8E7-4742-8C73-9949F62329BA}.Debug|x86.Build.0 = Debug|Any CPU
		{09910608-B8E7-4742-8C73-9949F62329BA}.Release|Any CPU.ActiveCfg = Release|Any CPU
		{09910608-B8E7-4742-8C73-9949F62329BA}.Release|x86.ActiveCfg = Release|Any CPU
		{09910608-B8E7-4742-8C73-9949F62329BA}.Release|x86.Build.0 = Release|Any CPU
	EndGlobalSection
	GlobalSection(SolutionProperties) = preSolution
		HideSolutionNode = FALSE
	EndGlobalSection
	GlobalSection(NestedProjects) = preSolution
		{82857471-938D-409A-9C09-B147D287C706} = {05E94A1C-D881-4847-883E-770A2BFF050B}
		{E5F99A67-B9D4-475E-80AF-4F3C6845B060} = {05E94A1C-D881-4847-883E-770A2BFF050B}
		{D89D2952-3A1B-4248-AB28-A01986422BA8} = {05E94A1C-D881-4847-883E-770A2BFF050B}
		{E0783A21-83F7-4FF3-AFC4-4C1EAF167C2D} = {05E94A1C-D881-4847-883E-770A2BFF050B}
		{A6ACC4D7-446C-44A8-950C-93BDEBC5FEE1} = {B58D369F-7874-4CB8-8E55-B49CFE95F442}
		{F7DFE3B3-C6A5-4692-8561-86AFBD093478} = {B58D369F-7874-4CB8-8E55-B49CFE95F442}
		{413E09F6-2767-410C-B0AB-1AE86C43FBDA} = {143BB764-559A-4CD0-BC78-96CBBC80DB0C}
		{47A33730-7802-48E8-B68A-0305AF40ABC8} = {143BB764-559A-4CD0-BC78-96CBBC80DB0C}
	EndGlobalSection
	GlobalSection(ExtensibilityGlobals) = postSolution
		SolutionGuid = {56FA0FAD-A837-4C6B-8891-253E85C2A9C0}
	EndGlobalSection
EndGlobal
